---
name: Lock

on:
  schedule:
    #        ┌───────────────────── minute (0 - 59)
    #        │ ┌─────────────────── hour (0 - 23)
    #        │ │ ┌───────────────── day of the month (1 - 31)
    #        │ │ │ ┌─────────────── month (1 - 12 or JAN-DEC)
    #        │ │ │ │ ┌───────────── day of the week (0 - 6 or SUN-SAT)
    #        │ │ │ │ │
    #        │ │ │ │ │
    #        │ │ │ │ │
    #        ▼ ▼ ▼ ▼ ▼
    - cron: "0 9 * * *"
  workflow_dispatch:

jobs:
  lock:
    name: 🔒 Lock closed issues and PRs
    runs-on: ubuntu-latest
    steps:
      - uses: dessant/lock-threads@v3.0.0
        with:
          github-token: ${{ github.token }}
          issue-lock-inactive-days: "30"
          issue-lock-reason: ""
          issue-comment: >
            Issue closed and locked due to lack of activity.

            If you encounter this same issue, please open a new issue and refer
            to this closed one.
          pr-lock-inactive-days: "30"
          pr-lock-reason: ""
          pr-comment: >
            Pull Request closed and locked due to lack of activity.

            If you'd like to build on this closed PR, you can clone it using
            this method: https://stackoverflow.com/a/14969986

            Then open a new PR, referencing this closed PR in your message.
